
Microsoft Visual Studio Solution File, Format Version 12.00
# Visual Studio Version 16
VisualStudioVersion = 16.0.30002.166
MinimumVisualStudioVersion = 10.0.40219.1
Project("{FAE04EC0-301F-11D3-BF4B-00C04F79EFBC}") = "The Cashier", "The Cashier\The Cashier.csproj", "{629306C3-D327-4BE4-A347-D1CA64698811}"
EndProject
Global
	GlobalSection(SolutionConfigurationPlatforms) = preSolution
		Debug|Any CPU = Debug|Any CPU
		Release|Any CPU = Release|Any CPU
	EndGlobalSection
	GlobalSection(ProjectConfigurationPlatforms) = postSolution
		{629306C3-D327-4BE4-A347-D1CA64698811}.Debug|Any CPU.ActiveCfg = Debug|Any CPU
		{629306C3-D327-4BE4-A347-D1CA64698811}.Debug|Any CPU.Build.0 = Debug|Any CPU
		{629306C3-D327-4BE4-A347-D1CA64698811}.Release|Any CPU.ActiveCfg = Release|Any CPU
		{629306C3-D327-4BE4-A347-D1CA64698811}.Release|Any CPU.Build.0 = Release|Any CPU
	EndGlobalSection
	GlobalSection(SolutionProperties) = preSolution
		HideSolutionNode = FALSE
	EndGlobalSection
	GlobalSection(ExtensibilityGlobals) = postSolution
		SolutionGuid = {A6CBF8C4-A9C9-428C-BFC6-E8ACD94F3928}
	EndGlobalSection
EndGlobal
